
Microsoft Visual Studio Solution File, Format Version 12.00
# Visual Studio Version 16
VisualStudioVersion = 16.0.34601.136
MinimumVisualStudioVersion = 10.0.40219.1
Project("{FAE04EC0-301F-11D3-BF4B-00C04F79EFBC}") = "CHAPTER 12", "CHAPTER 12.csproj", "{8D74E09A-5090-4D9E-9D3A-949244BD3D93}"
EndProject
Global
	GlobalSection(SolutionConfigurationPlatforms) = preSolution
		Debug|Any CPU = Debug|Any CPU
		Release|Any CPU = Release|Any CPU
	EndGlobalSection
	GlobalSection(ProjectConfigurationPlatforms) = postSolution
		{8D74E09A-5090-4D9E-9D3A-949244BD3D93}.Debug|Any CPU.ActiveCfg = Debug|Any CPU
		{8D74E09A-5090-4D9E-9D3A-949244BD3D93}.Debug|Any CPU.Build.0 = Debug|Any CPU
		{8D74E09A-5090-4D9E-9D3A-949244BD3D93}.Release|Any CPU.ActiveCfg = Release|Any CPU
		{8D74E09A-5090-4D9E-9D3A-949244BD3D93}.Release|Any CPU.Build.0 = Release|Any CPU
	EndGlobalSection
	GlobalSection(SolutionProperties) = preSolution
		HideSolutionNode = FALSE
	EndGlobalSection
	GlobalSection(ExtensibilityGlobals) = postSolution
		SolutionGuid = {6C16D1A1-0006-44D5-A95E-48F93E91B48E}
	EndGlobalSection
EndGlobal
